
Microsoft Visual Studio Solution File, Format Version 12.00
# Visual Studio Version 16
VisualStudioVersion = 16.0.31702.278
MinimumVisualStudioVersion = 10.0.40219.1
Project("{FAE04EC0-301F-11D3-BF4B-00C04F79EFBC}") = "Curse", "Curse\Curse.csproj", "{93ABC57B-0164-4180-B0D5-9541C67C1682}"
EndProject
Global
	GlobalSection(SolutionConfigurationPlatforms) = preSolution
		Debug|Any CPU = Debug|Any CPU
		Release|Any CPU = Release|Any CPU
	EndGlobalSection
	GlobalSection(ProjectConfigurationPlatforms) = postSolution
		{93ABC57B-0164-4180-B0D5-9541C67C1682}.Debug|Any CPU.ActiveCfg = Debug|Any CPU
		{93ABC57B-0164-4180-B0D5-9541C67C1682}.Debug|Any CPU.Build.0 = Debug|Any CPU
		{93ABC57B-0164-4180-B0D5-9541C67C1682}.Release|Any CPU.ActiveCfg = Release|Any CPU
		{93ABC57B-0164-4180-B0D5-9541C67C1682}.Release|Any CPU.Build.0 = Release|Any CPU
	EndGlobalSection
	GlobalSection(SolutionProperties) = preSolution
		HideSolutionNode = FALSE
	EndGlobalSection
	GlobalSection(ExtensibilityGlobals) = postSolution
		SolutionGuid = {47D7CA31-D5A0-4816-8AED-065E11E06092}
	EndGlobalSection
EndGlobal
